// !$*UTF8*$!
{
	archiveVersion = 1;
	classes = {
	};
	objectVersion = 56;
	objects = {

/* Begin PBXBuildFile section */
		F62DB0852B0C41D60018FD89 /* Main.swift in Sources */ = {isa = PBXBuildFile; fileRef = F62DB0842B0C41D60018FD89 /* Main.swift */; };
		F62DB0882B0C4E6B0018FD89 /* Event.swift in Sources */ = {isa = PBXBuildFile; fileRef = F62DB0872B0C4E6B0018FD89 /* Event.swift */; };
		F62DB08A2B0C4E820018FD89 /* Player.swift in Sources */ = {isa = PBXBuildFile; fileRef = F62DB0892B0C4E820018FD89 /* Player.swift */; };
		F62DB08C2B0C4E900018FD89 /* Monster.swift in Sources */ = {isa = PBXBuildFile; fileRef = F62DB08B2B0C4E900018FD89 /* Monster.swift */; };
		F62DB08E2B0C51C00018FD89 /* TextData.swift in Sources */ = {isa = PBXBuildFile; fileRef = F62DB08D2B0C51C00018FD89 /* TextData.swift */; };
		F62DB0902B0C55B70018FD89 /* Model.swift in Sources */ = {isa = PBXBuildFile; fileRef = F62DB08F2B0C55B70018FD89 /* Model.swift */; };
		F62DB0922B0C5F130018FD89 /* GameText.swift in Sources */ = {isa = PBXBuildFile; fileRef = F62DB0912B0C5F130018FD89 /* GameText.swift */; };
		F62DB0942B0EE7C70018FD89 /* DisplayViewProtocol.swift in Sources */ = {isa = PBXBuildFile; fileRef = F62DB0932B0EE7C70018FD89 /* DisplayViewProtocol.swift */; };
		F62DB0962B0EF31E0018FD89 /* nc295968.mp3 in Resources */ = {isa = PBXBuildFile; fileRef = F62DB0952B0EF31E0018FD89 /* nc295968.mp3 */; };
		F62DB0982B0EF7C50018FD89 /* maou_se_battle16.mp3 in Resources */ = {isa = PBXBuildFile; fileRef = F62DB0972B0EF7C50018FD89 /* maou_se_battle16.mp3 */; };
		F62DB09A2B0EF9C60018FD89 /* maou_se_8bit12.mp3 in Resources */ = {isa = PBXBuildFile; fileRef = F62DB0992B0EF9C60018FD89 /* maou_se_8bit12.mp3 */; };
		F6A02FC22AE916920008AF32 /* AppDelegate.swift in Sources */ = {isa = PBXBuildFile; fileRef = F6A02FC12AE916920008AF32 /* AppDelegate.swift */; };
		F6A02FC42AE916920008AF32 /* SceneDelegate.swift in Sources */ = {isa = PBXBuildFile; fileRef = F6A02FC32AE916920008AF32 /* SceneDelegate.swift */; };
		F6A02FC62AE916920008AF32 /* ViewController.swift in Sources */ = {isa = PBXBuildFile; fileRef = F6A02FC52AE916920008AF32 /* ViewController.swift */; };
		F6A02FC92AE916920008AF32 /* Main.storyboard in Resources */ = {isa = PBXBuildFile; fileRef = F6A02FC72AE916920008AF32 /* Main.storyboard */; };
		F6A02FCB2AE916960008AF32 /* Assets.xcassets in Resources */ = {isa = PBXBuildFile; fileRef = F6A02FCA2AE916960008AF32 /* Assets.xcassets */; };
		F6A02FCE2AE916960008AF32 /* LaunchScreen.storyboard in Resources */ = {isa = PBXBuildFile; fileRef = F6A02FCC2AE916960008AF32 /* LaunchScreen.storyboard */; };
		F6A02FD62AE916F10008AF32 /* JF-Dot-k12x10.ttf in Resources */ = {isa = PBXBuildFile; fileRef = F6A02FD52AE916F00008AF32 /* JF-Dot-k12x10.ttf */; };
		F6A02FD82AE917FD0008AF32 /* MainViewController.swift in Sources */ = {isa = PBXBuildFile; fileRef = F6A02FD72AE917FD0008AF32 /* MainViewController.swift */; };
		F6A02FDA2AE91F2B0008AF32 /* DisplayView.xib in Resources */ = {isa = PBXBuildFile; fileRef = F6A02FD92AE91F2B0008AF32 /* DisplayView.xib */; };
		F6A02FDC2AE921630008AF32 /* DisplayView.swift in Sources */ = {isa = PBXBuildFile; fileRef = F6A02FDB2AE921630008AF32 /* DisplayView.swift */; };
		F6AEF0902B067B3800C44ECB /* Audio.swift in Sources */ = {isa = PBXBuildFile; fileRef = F6AEF08F2B067B3800C44ECB /* Audio.swift */; };
		F6AEF0932B06819C00C44ECB /* maou_se_battle03.mp3 in Resources */ = {isa = PBXBuildFile; fileRef = F6AEF0922B06819C00C44ECB /* maou_se_battle03.mp3 */; };
		F6AEF0952B06830D00C44ECB /* maou_se_system23.mp3 in Resources */ = {isa = PBXBuildFile; fileRef = F6AEF0942B06830D00C44ECB /* maou_se_system23.mp3 */; };
		F6AEF0972B06857D00C44ECB /* maou_se_system44.mp3 in Resources */ = {isa = PBXBuildFile; fileRef = F6AEF0962B06857D00C44ECB /* maou_se_system44.mp3 */; };
		F6AEF0992B06898700C44ECB /* maou_se_battle19.mp3 in Resources */ = {isa = PBXBuildFile; fileRef = F6AEF0982B06898700C44ECB /* maou_se_battle19.mp3 */; };
		F6B7A4B12AE9888A004F6A0F /* Button.swift in Sources */ = {isa = PBXBuildFile; fileRef = F6B7A4B02AE9888A004F6A0F /* Button.swift */; };
		F6B7A4B32AE988FD004F6A0F /* TextButton.swift in Sources */ = {isa = PBXBuildFile; fileRef = F6B7A4B22AE988FD004F6A0F /* TextButton.swift */; };
		F6B7A4B52AEAC977004F6A0F /* TextButtonProtocol.swift in Sources */ = {isa = PBXBuildFile; fileRef = F6B7A4B42AEAC977004F6A0F /* TextButtonProtocol.swift */; };
		F6B7A4B92AEACF2A004F6A0F /* ViewProtocol.swift in Sources */ = {isa = PBXBuildFile; fileRef = F6B7A4B82AEACF2A004F6A0F /* ViewProtocol.swift */; };
		F6B7A4BB2AEB4026004F6A0F /* GameView.swift in Sources */ = {isa = PBXBuildFile; fileRef = F6B7A4BA2AEB4026004F6A0F /* GameView.swift */; };
		F6B7A4BD2AEB4080004F6A0F /* GameViewProtocol.swift in Sources */ = {isa = PBXBuildFile; fileRef = F6B7A4BC2AEB4080004F6A0F /* GameViewProtocol.swift */; };
		F6B7A4C12AEB4262004F6A0F /* EventType.swift in Sources */ = {isa = PBXBuildFile; fileRef = F6B7A4C02AEB4262004F6A0F /* EventType.swift */; };
		F6B7A4C92AEB9625004F6A0F /* _Player.swift in Sources */ = {isa = PBXBuildFile; fileRef = F6B7A4C82AEB9625004F6A0F /* _Player.swift */; };
		F6B7A4D52AEEADCB004F6A0F /* MonsterData.swift in Sources */ = {isa = PBXBuildFile; fileRef = F6B7A4D42AEEADCB004F6A0F /* MonsterData.swift */; };
		F6B7A4D72AEEAFE0004F6A0F /* _Monster.swift in Sources */ = {isa = PBXBuildFile; fileRef = F6B7A4D62AEEAFE0004F6A0F /* _Monster.swift */; };
		F6B7A4D92AEEB0C1004F6A0F /* ProfileData.swift in Sources */ = {isa = PBXBuildFile; fileRef = F6B7A4D82AEEB0C1004F6A0F /* ProfileData.swift */; };
		F6B7A4DB2AEF8E2F004F6A0F /* EventProtocol.swift in Sources */ = {isa = PBXBuildFile; fileRef = F6B7A4DA2AEF8E2F004F6A0F /* EventProtocol.swift */; };
		F6B7A4DF2AF3F5E2004F6A0F /* GaugeView.swift in Sources */ = {isa = PBXBuildFile; fileRef = F6B7A4DE2AF3F5E2004F6A0F /* GaugeView.swift */; };
		F6B7A4E12AF3FC18004F6A0F /* GaugeViewProtocol.swift in Sources */ = {isa = PBXBuildFile; fileRef = F6B7A4E02AF3FC18004F6A0F /* GaugeViewProtocol.swift */; };
		F6C48DF92B124BB20046CB3F /* MonsterProtocol.swift in Sources */ = {isa = PBXBuildFile; fileRef = F6C48DF82B124BB20046CB3F /* MonsterProtocol.swift */; };
		F6C48E022B1BA4FE0046CB3F /* maou_se_magical23.mp3 in Resources */ = {isa = PBXBuildFile; fileRef = F6C48E002B1BA4FD0046CB3F /* maou_se_magical23.mp3 */; };
		F6C48E032B1BA4FE0046CB3F /* maou_se_magical09.mp3 in Resources */ = {isa = PBXBuildFile; fileRef = F6C48E012B1BA4FD0046CB3F /* maou_se_magical09.mp3 */; };
		F6C48E072B1E4E410046CB3F /* MonsterData.csv in Resources */ = {isa = PBXBuildFile; fileRef = F6C48E062B1E4E410046CB3F /* MonsterData.csv */; };
/* End PBXBuildFile section */

/* Begin PBXFileReference section */
		F62DB0842B0C41D60018FD89 /* Main.swift */ = {isa = PBXFileReference; lastKnownFileType = sourcecode.swift; path = Main.swift; sourceTree = "<group>"; };
		F62DB0872B0C4E6B0018FD89 /* Event.swift */ = {isa = PBXFileReference; lastKnownFileType = sourcecode.swift; path = Event.swift; sourceTree = "<group>"; };
		F62DB0892B0C4E820018FD89 /* Player.swift */ = {isa = PBXFileReference; lastKnownFileType = sourcecode.swift; path = Player.swift; sourceTree = "<group>"; };
		F62DB08B2B0C4E900018FD89 /* Monster.swift */ = {isa = PBXFileReference; lastKnownFileType = sourcecode.swift; path = Monster.swift; sourceTree = "<group>"; };
		F62DB08D2B0C51C00018FD89 /* TextData.swift */ = {isa = PBXFileReference; lastKnownFileType = sourcecode.swift; path = TextData.swift; sourceTree = "<group>"; };
		F62DB08F2B0C55B70018FD89 /* Model.swift */ = {isa = PBXFileReference; lastKnownFileType = sourcecode.swift; path = Model.swift; sourceTree = "<group>"; };
		F62DB0912B0C5F130018FD89 /* GameText.swift */ = {isa = PBXFileReference; lastKnownFileType = sourcecode.swift; path = GameText.swift; sourceTree = "<group>"; };
		F62DB0932B0EE7C70018FD89 /* DisplayViewProtocol.swift */ = {isa = PBXFileReference; lastKnownFileType = sourcecode.swift; path = DisplayViewProtocol.swift; sourceTree = "<group>"; };
		F62DB0952B0EF31E0018FD89 /* nc295968.mp3 */ = {isa = PBXFileReference; lastKnownFileType = audio.mp3; path = nc295968.mp3; sourceTree = "<group>"; };
		F62DB0972B0EF7C50018FD89 /* maou_se_battle16.mp3 */ = {isa = PBXFileReference; lastKnownFileType = audio.mp3; path = maou_se_battle16.mp3; sourceTree = "<group>"; };
		F62DB0992B0EF9C60018FD89 /* maou_se_8bit12.mp3 */ = {isa = PBXFileReference; lastKnownFileType = audio.mp3; path = maou_se_8bit12.mp3; sourceTree = "<group>"; };
		F6A02FBE2AE916920008AF32 /* Bouken.app */ = {isa = PBXFileReference; explicitFileType = wrapper.application; includeInIndex = 0; path = Bouken.app; sourceTree = BUILT_PRODUCTS_DIR; };
		F6A02FC12AE916920008AF32 /* AppDelegate.swift */ = {isa = PBXFileReference; lastKnownFileType = sourcecode.swift; path = AppDelegate.swift; sourceTree = "<group>"; };
		F6A02FC32AE916920008AF32 /* SceneDelegate.swift */ = {isa = PBXFileReference; lastKnownFileType = sourcecode.swift; path = SceneDelegate.swift; sourceTree = "<group>"; };
		F6A02FC52AE916920008AF32 /* ViewController.swift */ = {isa = PBXFileReference; lastKnownFileType = sourcecode.swift; path = ViewController.swift; sourceTree = "<group>"; };
		F6A02FC82AE916920008AF32 /* Base */ = {isa = PBXFileReference; lastKnownFileType = file.storyboard; name = Base; path = Base.lproj/Main.storyboard; sourceTree = "<group>"; };
		F6A02FCA2AE916960008AF32 /* Assets.xcassets */ = {isa = PBXFileReference; lastKnownFileType = folder.assetcatalog; path = Assets.xcassets; sourceTree = "<group>"; };
		F6A02FCD2AE916960008AF32 /* Base */ = {isa = PBXFileReference; lastKnownFileType = file.storyboard; name = Base; path = Base.lproj/LaunchScreen.storyboard; sourceTree = "<group>"; };
		F6A02FCF2AE916960008AF32 /* Info.plist */ = {isa = PBXFileReference; lastKnownFileType = text.plist.xml; path = Info.plist; sourceTree = "<group>"; };
		F6A02FD52AE916F00008AF32 /* JF-Dot-k12x10.ttf */ = {isa = PBXFileReference; lastKnownFileType = file; path = "JF-Dot-k12x10.ttf"; sourceTree = "<group>"; };
		F6A02FD72AE917FD0008AF32 /* MainViewController.swift */ = {isa = PBXFileReference; lastKnownFileType = sourcecode.swift; path = MainViewController.swift; sourceTree = "<group>"; };
		F6A02FD92AE91F2B0008AF32 /* DisplayView.xib */ = {isa = PBXFileReference; lastKnownFileType = file.xib; path = DisplayView.xib; sourceTree = "<group>"; };
		F6A02FDB2AE921630008AF32 /* DisplayView.swift */ = {isa = PBXFileReference; lastKnownFileType = sourcecode.swift; path = DisplayView.swift; sourceTree = "<group>"; };
		F6AEF08F2B067B3800C44ECB /* Audio.swift */ = {isa = PBXFileReference; lastKnownFileType = sourcecode.swift; path = Audio.swift; sourceTree = "<group>"; };
		F6AEF0922B06819C00C44ECB /* maou_se_battle03.mp3 */ = {isa = PBXFileReference; lastKnownFileType = audio.mp3; path = maou_se_battle03.mp3; sourceTree = "<group>"; };
		F6AEF0942B06830D00C44ECB /* maou_se_system23.mp3 */ = {isa = PBXFileReference; lastKnownFileType = audio.mp3; path = maou_se_system23.mp3; sourceTree = "<group>"; };
		F6AEF0962B06857D00C44ECB /* maou_se_system44.mp3 */ = {isa = PBXFileReference; lastKnownFileType = audio.mp3; path = maou_se_system44.mp3; sourceTree = "<group>"; };
		F6AEF0982B06898700C44ECB /* maou_se_battle19.mp3 */ = {isa = PBXFileReference; lastKnownFileType = audio.mp3; path = maou_se_battle19.mp3; sourceTree = "<group>"; };
		F6B7A4B02AE9888A004F6A0F /* Button.swift */ = {isa = PBXFileReference; fileEncoding = 4; lastKnownFileType = sourcecode.swift; path = Button.swift; sourceTree = "<group>"; };
		F6B7A4B22AE988FD004F6A0F /* TextButton.swift */ = {isa = PBXFileReference; lastKnownFileType = sourcecode.swift; path = TextButton.swift; sourceTree = "<group>"; };
		F6B7A4B42AEAC977004F6A0F /* TextButtonProtocol.swift */ = {isa = PBXFileReference; lastKnownFileType = sourcecode.swift; path = TextButtonProtocol.swift; sourceTree = "<group>"; };
		F6B7A4B82AEACF2A004F6A0F /* ViewProtocol.swift */ = {isa = PBXFileReference; lastKnownFileType = sourcecode.swift; path = ViewProtocol.swift; sourceTree = "<group>"; };
		F6B7A4BA2AEB4026004F6A0F /* GameView.swift */ = {isa = PBXFileReference; lastKnownFileType = sourcecode.swift; path = GameView.swift; sourceTree = "<group>"; };
		F6B7A4BC2AEB4080004F6A0F /* GameViewProtocol.swift */ = {isa = PBXFileReference; lastKnownFileType = sourcecode.swift; path = GameViewProtocol.swift; sourceTree = "<group>"; };
		F6B7A4C02AEB4262004F6A0F /* EventType.swift */ = {isa = PBXFileReference; lastKnownFileType = sourcecode.swift; path = EventType.swift; sourceTree = "<group>"; };
		F6B7A4C82AEB9625004F6A0F /* _Player.swift */ = {isa = PBXFileReference; lastKnownFileType = sourcecode.swift; path = _Player.swift; sourceTree = "<group>"; };
		F6B7A4D42AEEADCB004F6A0F /* MonsterData.swift */ = {isa = PBXFileReference; lastKnownFileType = sourcecode.swift; path = MonsterData.swift; sourceTree = "<group>"; };
		F6B7A4D62AEEAFE0004F6A0F /* _Monster.swift */ = {isa = PBXFileReference; lastKnownFileType = sourcecode.swift; path = _Monster.swift; sourceTree = "<group>"; };
		F6B7A4D82AEEB0C1004F6A0F /* ProfileData.swift */ = {isa = PBXFileReference; fileEncoding = 4; lastKnownFileType = sourcecode.swift; path = ProfileData.swift; sourceTree = "<group>"; };
		F6B7A4DA2AEF8E2F004F6A0F /* EventProtocol.swift */ = {isa = PBXFileReference; lastKnownFileType = sourcecode.swift; path = EventProtocol.swift; sourceTree = "<group>"; };
		F6B7A4DE2AF3F5E2004F6A0F /* GaugeView.swift */ = {isa = PBXFileReference; lastKnownFileType = sourcecode.swift; path = GaugeView.swift; sourceTree = "<group>"; };
		F6B7A4E02AF3FC18004F6A0F /* GaugeViewProtocol.swift */ = {isa = PBXFileReference; lastKnownFileType = sourcecode.swift; path = GaugeViewProtocol.swift; sourceTree = "<group>"; };
		F6C48DF82B124BB20046CB3F /* MonsterProtocol.swift */ = {isa = PBXFileReference; lastKnownFileType = sourcecode.swift; path = MonsterProtocol.swift; sourceTree = "<group>"; };
		F6C48E002B1BA4FD0046CB3F /* maou_se_magical23.mp3 */ = {isa = PBXFileReference; lastKnownFileType = audio.mp3; path = maou_se_magical23.mp3; sourceTree = "<group>"; };
		F6C48E012B1BA4FD0046CB3F /* maou_se_magical09.mp3 */ = {isa = PBXFileReference; lastKnownFileType = audio.mp3; path = maou_se_magical09.mp3; sourceTree = "<group>"; };
		F6C48E062B1E4E410046CB3F /* MonsterData.csv */ = {isa = PBXFileReference; fileEncoding = 4; lastKnownFileType = text; name = MonsterData.csv; path = ../../../GameSample/bouken/MonsterData.csv; sourceTree = "<group>"; };
/* End PBXFileReference section */

/* Begin PBXFrameworksBuildPhase section */
		F6A02FBB2AE916920008AF32 /* Frameworks */ = {
			isa = PBXFrameworksBuildPhase;
			buildActionMask = 2147483647;
			files = (
			);
			runOnlyForDeploymentPostprocessing = 0;
		};
/* End PBXFrameworksBuildPhase section */

/* Begin PBXGroup section */
		F62DB0832B0C41990018FD89 /* Model */ = {
			isa = PBXGroup;
			children = (
				F62DB0862B0C43BB0018FD89 /* GameModel */,
				F62DB0842B0C41D60018FD89 /* Main.swift */,
				F62DB08F2B0C55B70018FD89 /* Model.swift */,
			);
			path = Model;
			sourceTree = "<group>";
		};
		F62DB0862B0C43BB0018FD89 /* GameModel */ = {
			isa = PBXGroup;
			children = (
				F62DB0872B0C4E6B0018FD89 /* Event.swift */,
				F62DB0892B0C4E820018FD89 /* Player.swift */,
				F62DB08B2B0C4E900018FD89 /* Monster.swift */,
				F62DB08D2B0C51C00018FD89 /* TextData.swift */,
				F62DB0912B0C5F130018FD89 /* GameText.swift */,
				F6C48DF82B124BB20046CB3F /* MonsterProtocol.swift */,
			);
			path = GameModel;
			sourceTree = "<group>";
		};
		F6A02FB52AE916920008AF32 = {
			isa = PBXGroup;
			children = (
				F6A02FC02AE916920008AF32 /* Bouken */,
				F6A02FBF2AE916920008AF32 /* Products */,
			);
			sourceTree = "<group>";
		};
		F6A02FBF2AE916920008AF32 /* Products */ = {
			isa = PBXGroup;
			children = (
				F6A02FBE2AE916920008AF32 /* Bouken.app */,
			);
			name = Products;
			sourceTree = "<group>";
		};
		F6A02FC02AE916920008AF32 /* Bouken */ = {
			isa = PBXGroup;
			children = (
				F62DB0832B0C41990018FD89 /* Model */,
				F6A02FC12AE916920008AF32 /* AppDelegate.swift */,
				F6A02FC32AE916920008AF32 /* SceneDelegate.swift */,
				F6A02FC52AE916920008AF32 /* ViewController.swift */,
				F6A02FC72AE916920008AF32 /* Main.storyboard */,
				F6A02FCA2AE916960008AF32 /* Assets.xcassets */,
				F6A02FCC2AE916960008AF32 /* LaunchScreen.storyboard */,
				F6A02FCF2AE916960008AF32 /* Info.plist */,
				F6A02FD52AE916F00008AF32 /* JF-Dot-k12x10.ttf */,
				F6A02FD72AE917FD0008AF32 /* MainViewController.swift */,
				F6A02FD92AE91F2B0008AF32 /* DisplayView.xib */,
				F6A02FDB2AE921630008AF32 /* DisplayView.swift */,
				F62DB0932B0EE7C70018FD89 /* DisplayViewProtocol.swift */,
				F6B7A4B02AE9888A004F6A0F /* Button.swift */,
				F6B7A4B22AE988FD004F6A0F /* TextButton.swift */,
				F6B7A4B42AEAC977004F6A0F /* TextButtonProtocol.swift */,
				F6B7A4B82AEACF2A004F6A0F /* ViewProtocol.swift */,
				F6B7A4BA2AEB4026004F6A0F /* GameView.swift */,
				F6B7A4BC2AEB4080004F6A0F /* GameViewProtocol.swift */,
				F6B7A4C02AEB4262004F6A0F /* EventType.swift */,
				F6B7A4C82AEB9625004F6A0F /* _Player.swift */,
				F6B7A4D42AEEADCB004F6A0F /* MonsterData.swift */,
				F6B7A4D62AEEAFE0004F6A0F /* _Monster.swift */,
				F6B7A4D82AEEB0C1004F6A0F /* ProfileData.swift */,
				F6B7A4DA2AEF8E2F004F6A0F /* EventProtocol.swift */,
				F6B7A4DE2AF3F5E2004F6A0F /* GaugeView.swift */,
				F6B7A4E02AF3FC18004F6A0F /* GaugeViewProtocol.swift */,
				F6AEF08F2B067B3800C44ECB /* Audio.swift */,
				F6C48E062B1E4E410046CB3F /* MonsterData.csv */,
				F6C48E012B1BA4FD0046CB3F /* maou_se_magical09.mp3 */,
				F6C48E002B1BA4FD0046CB3F /* maou_se_magical23.mp3 */,
				F62DB0992B0EF9C60018FD89 /* maou_se_8bit12.mp3 */,
				F6AEF0962B06857D00C44ECB /* maou_se_system44.mp3 */,
				F6AEF0922B06819C00C44ECB /* maou_se_battle03.mp3 */,
				F62DB0972B0EF7C50018FD89 /* maou_se_battle16.mp3 */,
				F6AEF0942B06830D00C44ECB /* maou_se_system23.mp3 */,
				F6AEF0982B06898700C44ECB /* maou_se_battle19.mp3 */,
				F62DB0952B0EF31E0018FD89 /* nc295968.mp3 */,
			);
			path = Bouken;
			sourceTree = "<group>";
		};
/* End PBXGroup section */

/* Begin PBXNativeTarget section */
		F6A02FBD2AE916920008AF32 /* Bouken */ = {
			isa = PBXNativeTarget;
			buildConfigurationList = F6A02FD22AE916960008AF32 /* Build configuration list for PBXNativeTarget "Bouken" */;
			buildPhases = (
				F6A02FBA2AE916920008AF32 /* Sources */,
				F6A02FBB2AE916920008AF32 /* Frameworks */,
				F6A02FBC2AE916920008AF32 /* Resources */,
			);
			buildRules = (
			);
			dependencies = (
			);
			name = Bouken;
			productName = Bouken;
			productReference = F6A02FBE2AE916920008AF32 /* Bouken.app */;
			productType = "com.apple.product-type.application";
		};
/* End PBXNativeTarget section */

/* Begin PBXProject section */
		F6A02FB62AE916920008AF32 /* Project object */ = {
			isa = PBXProject;
			attributes = {
				BuildIndependentTargetsInParallel = 1;
				LastSwiftUpdateCheck = 1430;
				LastUpgradeCheck = 1430;
				TargetAttributes = {
					F6A02FBD2AE916920008AF32 = {
						CreatedOnToolsVersion = 14.3;
					};
				};
			};
			buildConfigurationList = F6A02FB92AE916920008AF32 /* Build configuration list for PBXProject "Bouken" */;
			compatibilityVersion = "Xcode 14.0";
			developmentRegion = en;
			hasScannedForEncodings = 0;
			knownRegions = (
				en,
				Base,
			);
			mainGroup = F6A02FB52AE916920008AF32;
			productRefGroup = F6A02FBF2AE916920008AF32 /* Products */;
			projectDirPath = "";
			projectRoot = "";
			targets = (
				F6A02FBD2AE916920008AF32 /* Bouken */,
			);
		};
/* End PBXProject section */

/* Begin PBXResourcesBuildPhase section */
		F6A02FBC2AE916920008AF32 /* Resources */ = {
			isa = PBXResourcesBuildPhase;
			buildActionMask = 2147483647;
			files = (
				F6C48E072B1E4E410046CB3F /* MonsterData.csv in Resources */,
				F6AEF0992B06898700C44ECB /* maou_se_battle19.mp3 in Resources */,
				F6C48E022B1BA4FE0046CB3F /* maou_se_magical23.mp3 in Resources */,
				F62DB0982B0EF7C50018FD89 /* maou_se_battle16.mp3 in Resources */,
				F6C48E032B1BA4FE0046CB3F /* maou_se_magical09.mp3 in Resources */,
				F6A02FCE2AE916960008AF32 /* LaunchScreen.storyboard in Resources */,
				F62DB09A2B0EF9C60018FD89 /* maou_se_8bit12.mp3 in Resources */,
				F6A02FD62AE916F10008AF32 /* JF-Dot-k12x10.ttf in Resources */,
				F6A02FDA2AE91F2B0008AF32 /* DisplayView.xib in Resources */,
				F6AEF0952B06830D00C44ECB /* maou_se_system23.mp3 in Resources */,
				F6A02FCB2AE916960008AF32 /* Assets.xcassets in Resources */,
				F62DB0962B0EF31E0018FD89 /* nc295968.mp3 in Resources */,
				F6AEF0932B06819C00C44ECB /* maou_se_battle03.mp3 in Resources */,
				F6AEF0972B06857D00C44ECB /* maou_se_system44.mp3 in Resources */,
				F6A02FC92AE916920008AF32 /* Main.storyboard in Resources */,
			);
			runOnlyForDeploymentPostprocessing = 0;
		};
/* End PBXResourcesBuildPhase section */

/* Begin PBXSourcesBuildPhase section */
		F6A02FBA2AE916920008AF32 /* Sources */ = {
			isa = PBXSourcesBuildPhase;
			buildActionMask = 2147483647;
			files = (
				F6AEF0902B067B3800C44ECB /* Audio.swift in Sources */,
				F6B7A4C12AEB4262004F6A0F /* EventType.swift in Sources */,
				F62DB0922B0C5F130018FD89 /* GameText.swift in Sources */,
				F6A02FC62AE916920008AF32 /* ViewController.swift in Sources */,
				F6C48DF92B124BB20046CB3F /* MonsterProtocol.swift in Sources */,
				F6B7A4B12AE9888A004F6A0F /* Button.swift in Sources */,
				F6B7A4B32AE988FD004F6A0F /* TextButton.swift in Sources */,
				F6B7A4BD2AEB4080004F6A0F /* GameViewProtocol.swift in Sources */,
				F6A02FC22AE916920008AF32 /* AppDelegate.swift in Sources */,
				F62DB0902B0C55B70018FD89 /* Model.swift in Sources */,
				F6B7A4E12AF3FC18004F6A0F /* GaugeViewProtocol.swift in Sources */,
				F6B7A4BB2AEB4026004F6A0F /* GameView.swift in Sources */,
				F62DB08E2B0C51C00018FD89 /* TextData.swift in Sources */,
				F6A02FC42AE916920008AF32 /* SceneDelegate.swift in Sources */,
				F6B7A4B92AEACF2A004F6A0F /* ViewProtocol.swift in Sources */,
				F62DB0882B0C4E6B0018FD89 /* Event.swift in Sources */,
				F6B7A4D72AEEAFE0004F6A0F /* _Monster.swift in Sources */,
				F6A02FDC2AE921630008AF32 /* DisplayView.swift in Sources */,
				F6B7A4D52AEEADCB004F6A0F /* MonsterData.swift in Sources */,
				F6B7A4DF2AF3F5E2004F6A0F /* GaugeView.swift in Sources */,
				F6B7A4B52AEAC977004F6A0F /* TextButtonProtocol.swift in Sources */,
				F6A02FD82AE917FD0008AF32 /* MainViewController.swift in Sources */,
				F62DB08C2B0C4E900018FD89 /* Monster.swift in Sources */,
				F62DB0852B0C41D60018FD89 /* Main.swift in Sources */,
				F6B7A4C92AEB9625004F6A0F /* _Player.swift in Sources */,
				F6B7A4D92AEEB0C1004F6A0F /* ProfileData.swift in Sources */,
				F6B7A4DB2AEF8E2F004F6A0F /* EventProtocol.swift in Sources */,
				F62DB08A2B0C4E820018FD89 /* Player.swift in Sources */,
				F62DB0942B0EE7C70018FD89 /* DisplayViewProtocol.swift in Sources */,
			);
			runOnlyForDeploymentPostprocessing = 0;
		};
/* End PBXSourcesBuildPhase section */

/* Begin PBXVariantGroup section */
		F6A02FC72AE916920008AF32 /* Main.storyboard */ = {
			isa = PBXVariantGroup;
			children = (
				F6A02FC82AE916920008AF32 /* Base */,
			);
			name = Main.storyboard;
			sourceTree = "<group>";
		};
		F6A02FCC2AE916960008AF32 /* LaunchScreen.storyboard */ = {
			isa = PBXVariantGroup;
			children = (
				F6A02FCD2AE916960008AF32 /* Base */,
			);
			name = LaunchScreen.storyboard;
			sourceTree = "<group>";
		};
/* End PBXVariantGroup section */

/* Begin XCBuildConfiguration section */
		F6A02FD02AE916960008AF32 /* Debug */ = {
			isa = XCBuildConfiguration;
			buildSettings = {
				ALWAYS_SEARCH_USER_PATHS = NO;
				CLANG_ANALYZER_NONNULL = YES;
				CLANG_ANALYZER_NUMBER_OBJECT_CONVERSION = YES_AGGRESSIVE;
				CLANG_CXX_LANGUAGE_STANDARD = "gnu++20";
				CLANG_ENABLE_MODULES = YES;
				CLANG_ENABLE_OBJC_ARC = YES;
				CLANG_ENABLE_OBJC_WEAK = YES;
				CLANG_WARN_BLOCK_CAPTURE_AUTORELEASING = YES;
				CLANG_WARN_BOOL_CONVERSION = YES;
				CLANG_WARN_COMMA = YES;
				CLANG_WARN_CONSTANT_CONVERSION = YES;
				CLANG_WARN_DEPRECATED_OBJC_IMPLEMENTATIONS = YES;
				CLANG_WARN_DIRECT_OBJC_ISA_USAGE = YES_ERROR;
				CLANG_WARN_DOCUMENTATION_COMMENTS = YES;
				CLANG_WARN_EMPTY_BODY = YES;
				CLANG_WARN_ENUM_CONVERSION = YES;
				CLANG_WARN_INFINITE_RECURSION = YES;
				CLANG_WARN_INT_CONVERSION = YES;
				CLANG_WARN_NON_LITERAL_NULL_CONVERSION = YES;
				CLANG_WARN_OBJC_IMPLICIT_RETAIN_SELF = YES;
				CLANG_WARN_OBJC_LITERAL_CONVERSION = YES;
				CLANG_WARN_OBJC_ROOT_CLASS = YES_ERROR;
				CLANG_WARN_QUOTED_INCLUDE_IN_FRAMEWORK_HEADER = YES;
				CLANG_WARN_RANGE_LOOP_ANALYSIS = YES;
				CLANG_WARN_STRICT_PROTOTYPES = YES;
				CLANG_WARN_SUSPICIOUS_MOVE = YES;
				CLANG_WARN_UNGUARDED_AVAILABILITY = YES_AGGRESSIVE;
				CLANG_WARN_UNREACHABLE_CODE = YES;
				CLANG_WARN__DUPLICATE_METHOD_MATCH = YES;
				COPY_PHASE_STRIP = NO;
				DEBUG_INFORMATION_FORMAT = dwarf;
				ENABLE_STRICT_OBJC_MSGSEND = YES;
				ENABLE_TESTABILITY = YES;
				GCC_C_LANGUAGE_STANDARD = gnu11;
				GCC_DYNAMIC_NO_PIC = NO;
				GCC_NO_COMMON_BLOCKS = YES;
				GCC_OPTIMIZATION_LEVEL = 0;
				GCC_PREPROCESSOR_DEFINITIONS = (
					"DEBUG=1",
					"$(inherited)",
				);
				GCC_WARN_64_TO_32_BIT_CONVERSION = YES;
				GCC_WARN_ABOUT_RETURN_TYPE = YES_ERROR;
				GCC_WARN_UNDECLARED_SELECTOR = YES;
				GCC_WARN_UNINITIALIZED_AUTOS = YES_AGGRESSIVE;
				GCC_WARN_UNUSED_FUNCTION = YES;
				GCC_WARN_UNUSED_VARIABLE = YES;
				IPHONEOS_DEPLOYMENT_TARGET = 16.4;
				MTL_ENABLE_DEBUG_INFO = INCLUDE_SOURCE;
				MTL_FAST_MATH = YES;
				ONLY_ACTIVE_ARCH = YES;
				SDKROOT = iphoneos;
				SWIFT_ACTIVE_COMPILATION_CONDITIONS = DEBUG;
				SWIFT_OPTIMIZATION_LEVEL = "-Onone";
			};
			name = Debug;
		};
		F6A02FD12AE916960008AF32 /* Release */ = {
			isa = XCBuildConfiguration;
			buildSettings = {
				ALWAYS_SEARCH_USER_PATHS = NO;
				CLANG_ANALYZER_NONNULL = YES;
				CLANG_ANALYZER_NUMBER_OBJECT_CONVERSION = YES_AGGRESSIVE;
				CLANG_CXX_LANGUAGE_STANDARD = "gnu++20";
				CLANG_ENABLE_MODULES = YES;
				CLANG_ENABLE_OBJC_ARC = YES;
				CLANG_ENABLE_OBJC_WEAK = YES;
				CLANG_WARN_BLOCK_CAPTURE_AUTORELEASING = YES;
				CLANG_WARN_BOOL_CONVERSION = YES;
				CLANG_WARN_COMMA = YES;
				CLANG_WARN_CONSTANT_CONVERSION = YES;
				CLANG_WARN_DEPRECATED_OBJC_IMPLEMENTATIONS = YES;
				CLANG_WARN_DIRECT_OBJC_ISA_USAGE = YES_ERROR;
				CLANG_WARN_DOCUMENTATION_COMMENTS = YES;
				CLANG_WARN_EMPTY_BODY = YES;
				CLANG_WARN_ENUM_CONVERSION = YES;
				CLANG_WARN_INFINITE_RECURSION = YES;
				CLANG_WARN_INT_CONVERSION = YES;
				CLANG_WARN_NON_LITERAL_NULL_CONVERSION = YES;
				CLANG_WARN_OBJC_IMPLICIT_RETAIN_SELF = YES;
				CLANG_WARN_OBJC_LITERAL_CONVERSION = YES;
				CLANG_WARN_OBJC_ROOT_CLASS = YES_ERROR;
				CLANG_WARN_QUOTED_INCLUDE_IN_FRAMEWORK_HEADER = YES;
				CLANG_WARN_RANGE_LOOP_ANALYSIS = YES;
				CLANG_WARN_STRICT_PROTOTYPES = YES;
				CLANG_WARN_SUSPICIOUS_MOVE = YES;
				CLANG_WARN_UNGUARDED_AVAILABILITY = YES_AGGRESSIVE;
				CLANG_WARN_UNREACHABLE_CODE = YES;
				CLANG_WARN__DUPLICATE_METHOD_MATCH = YES;
				COPY_PHASE_STRIP = NO;
				DEBUG_INFORMATION_FORMAT = "dwarf-with-dsym";
				ENABLE_NS_ASSERTIONS = NO;
				ENABLE_STRICT_OBJC_MSGSEND = YES;
				GCC_C_LANGUAGE_STANDARD = gnu11;
				GCC_NO_COMMON_BLOCKS = YES;
				GCC_WARN_64_TO_32_BIT_CONVERSION = YES;
				GCC_WARN_ABOUT_RETURN_TYPE = YES_ERROR;
				GCC_WARN_UNDECLARED_SELECTOR = YES;
				GCC_WARN_UNINITIALIZED_AUTOS = YES_AGGRESSIVE;
				GCC_WARN_UNUSED_FUNCTION = YES;
				GCC_WARN_UNUSED_VARIABLE = YES;
				IPHONEOS_DEPLOYMENT_TARGET = 16.4;
				MTL_ENABLE_DEBUG_INFO = NO;
				MTL_FAST_MATH = YES;
				SDKROOT = iphoneos;
				SWIFT_COMPILATION_MODE = wholemodule;
				SWIFT_OPTIMIZATION_LEVEL = "-O";
				VALIDATE_PRODUCT = YES;
			};
			name = Release;
		};
		F6A02FD32AE916960008AF32 /* Debug */ = {
			isa = XCBuildConfiguration;
			buildSettings = {
				ASSETCATALOG_COMPILER_APPICON_NAME = AppIcon;
				ASSETCATALOG_COMPILER_GLOBAL_ACCENT_COLOR_NAME = AccentColor;
				CODE_SIGN_STYLE = Automatic;
				CURRENT_PROJECT_VERSION = 1;
				DEVELOPMENT_TEAM = GVCNFTUVQC;
				GENERATE_INFOPLIST_FILE = YES;
				INFOPLIST_FILE = Bouken/Info.plist;
				INFOPLIST_KEY_UIApplicationSupportsIndirectInputEvents = YES;
				INFOPLIST_KEY_UILaunchStoryboardName = LaunchScreen;
				INFOPLIST_KEY_UIMainStoryboardFile = Main;
				INFOPLIST_KEY_UISupportedInterfaceOrientations_iPad = "UIInterfaceOrientationPortrait UIInterfaceOrientationPortraitUpsideDown UIInterfaceOrientationLandscapeLeft UIInterfaceOrientationLandscapeRight";
				INFOPLIST_KEY_UISupportedInterfaceOrientations_iPhone = "UIInterfaceOrientationPortrait UIInterfaceOrientationLandscapeLeft UIInterfaceOrientationLandscapeRight";
				LD_RUNPATH_SEARCH_PATHS = (
					"$(inherited)",
					"@executable_path/Frameworks",
				);
				MARKETING_VERSION = 1.0;
				PRODUCT_BUNDLE_IDENTIFIER = com.chihiro.Bouken;
				PRODUCT_NAME = "$(TARGET_NAME)";
				SWIFT_EMIT_LOC_STRINGS = YES;
				SWIFT_VERSION = 5.0;
				TARGETED_DEVICE_FAMILY = "1,2";
			};
			name = Debug;
		};
		F6A02FD42AE916960008AF32 /* Release */ = {
			isa = XCBuildConfiguration;
			buildSettings = {
				ASSETCATALOG_COMPILER_APPICON_NAME = AppIcon;
				ASSETCATALOG_COMPILER_GLOBAL_ACCENT_COLOR_NAME = AccentColor;
				CODE_SIGN_STYLE = Automatic;
				CURRENT_PROJECT_VERSION = 1;
				DEVELOPMENT_TEAM = GVCNFTUVQC;
				GENERATE_INFOPLIST_FILE = YES;
				INFOPLIST_FILE = Bouken/Info.plist;
				INFOPLIST_KEY_UIApplicationSupportsIndirectInputEvents = YES;
				INFOPLIST_KEY_UILaunchStoryboardName = LaunchScreen;
				INFOPLIST_KEY_UIMainStoryboardFile = Main;
				INFOPLIST_KEY_UISupportedInterfaceOrientations_iPad = "UIInterfaceOrientationPortrait UIInterfaceOrientationPortraitUpsideDown UIInterfaceOrientationLandscapeLeft UIInterfaceOrientationLandscapeRight";
				INFOPLIST_KEY_UISupportedInterfaceOrientations_iPhone = "UIInterfaceOrientationPortrait UIInterfaceOrientationLandscapeLeft UIInterfaceOrientationLandscapeRight";
				LD_RUNPATH_SEARCH_PATHS = (
					"$(inherited)",
					"@executable_path/Frameworks",
				);
				MARKETING_VERSION = 1.0;
				PRODUCT_BUNDLE_IDENTIFIER = com.chihiro.Bouken;
				PRODUCT_NAME = "$(TARGET_NAME)";
				SWIFT_EMIT_LOC_STRINGS = YES;
				SWIFT_VERSION = 5.0;
				TARGETED_DEVICE_FAMILY = "1,2";
			};
			name = Release;
		};
/* End XCBuildConfiguration section */

/* Begin XCConfigurationList section */
		F6A02FB92AE916920008AF32 /* Build configuration list for PBXProject "Bouken" */ = {
			isa = XCConfigurationList;
			buildConfigurations = (
				F6A02FD02AE916960008AF32 /* Debug */,
				F6A02FD12AE916960008AF32 /* Release */,
			);
			defaultConfigurationIsVisible = 0;
			defaultConfigurationName = Release;
		};
		F6A02FD22AE916960008AF32 /* Build configuration list for PBXNativeTarget "Bouken" */ = {
			isa = XCConfigurationList;
			buildConfigurations = (
				F6A02FD32AE916960008AF32 /* Debug */,
				F6A02FD42AE916960008AF32 /* Release */,
			);
			defaultConfigurationIsVisible = 0;
			defaultConfigurationName = Release;
		};
/* End XCConfigurationList section */
	};
	rootObject = F6A02FB62AE916920008AF32 /* Project object */;
}
